
Microsoft Visual Studio Solution File, Format Version 12.00
# Visual Studio Version 16
VisualStudioVersion = 16.0.31129.286
MinimumVisualStudioVersion = 10.0.40219.1
Project("{FAE04EC0-301F-11D3-BF4B-00C04F79EFBC}") = "SeleniumTests", "SeleniumTests\SeleniumTests.csproj", "{CE51C80D-21BD-44BF-A204-AA61AB5FEBE9}"
EndProject
Project("{FAE04EC0-301F-11D3-BF4B-00C04F79EFBC}") = "Advance Automation", "Advance Automation\Advance Automation.csproj", "{6F857463-95AA-40E8-A8DA-34EBC2012BB8}"
EndProject
Global
	GlobalSection(SolutionConfigurationPlatforms) = preSolution
		Debug|Any CPU = Debug|Any CPU
		Release|Any CPU = Release|Any CPU
	EndGlobalSection
	GlobalSection(ProjectConfigurationPlatforms) = postSolution
		{CE51C80D-21BD-44BF-A204-AA61AB5FEBE9}.Debug|Any CPU.ActiveCfg = Debug|Any CPU
		{CE51C80D-21BD-44BF-A204-AA61AB5FEBE9}.Debug|Any CPU.Build.0 = Debug|Any CPU
		{CE51C80D-21BD-44BF-A204-AA61AB5FEBE9}.Release|Any CPU.ActiveCfg = Release|Any CPU
		{CE51C80D-21BD-44BF-A204-AA61AB5FEBE9}.Release|Any CPU.Build.0 = Release|Any CPU
		{6F857463-95AA-40E8-A8DA-34EBC2012BB8}.Debug|Any CPU.ActiveCfg = Debug|Any CPU
		{6F857463-95AA-40E8-A8DA-34EBC2012BB8}.Debug|Any CPU.Build.0 = Debug|Any CPU
		{6F857463-95AA-40E8-A8DA-34EBC2012BB8}.Release|Any CPU.ActiveCfg = Release|Any CPU
		{6F857463-95AA-40E8-A8DA-34EBC2012BB8}.Release|Any CPU.Build.0 = Release|Any CPU
	EndGlobalSection
	GlobalSection(SolutionProperties) = preSolution
		HideSolutionNode = FALSE
	EndGlobalSection
	GlobalSection(ExtensibilityGlobals) = postSolution
		SolutionGuid = {62C8D080-E900-412D-883E-3EA859C62408}
	EndGlobalSection
EndGlobal
